buf.build/gen/go/krelinga/proto/connectrpc/go v1.16.2-20240707225318-e5a4f26291d0.1 h1:8WbdQnpImOI+9+3sPIRVvrFp7LTfwz2m43tTVP0DZIo=
buf.build/gen/go/krelinga/proto/connectrpc/go v1.16.2-20240707225318-e5a4f26291d0.1/go.mod h1:0WJ9lWuiypIi0EyEGiDwmJ4HoQn7xEtLloDpwcQjPYA=
buf.build/gen/go/krelinga/proto/connectrpc/go v1.16.2-20240722193044-be7793236f15.1 h1:ZFtKqiDPEzWWAlgSuf7kW5iTYkD8vBveGjvw6m/E9gE=
buf.build/gen/go/krelinga/proto/connectrpc/go v1.16.2-20240722193044-be7793236f15.1/go.mod h1:REQM0QccHpIeTCn0JekK5ICBCHVJ6+bYPBdohk1tsKE=
buf.build/gen/go/krelinga/proto/protocolbuffers/go v1.34.2-20240707225318-e5a4f26291d0.2 h1:2DaAa1CQZA5PGskvAaN397vFxrE6Dhr2IMx+G4AUpUk=
buf.build/gen/go/krelinga/proto/protocolbuffers/go v1.34.2-20240707225318-e5a4f26291d0.2/go.mod h1:WxVP7vCA4ZDoE5sqPikmD/tRFZuJQp0jno79CGalEi4=
buf.build/gen/go/krelinga/proto/protocolbuffers/go v1.34.2-20240722193044-be7793236f15.2 h1:EnpU5DCd77hHmNGrCBS24fSmNJxi0VnffAkUtX50rws=
buf.build/gen/go/krelinga/proto/protocolbuffers/go v1.34.2-20240722193044-be7793236f15.2/go.mod h1:WxVP7vCA4ZDoE5sqPikmD/tRFZuJQp0jno79CGalEi4=
connectrpc.com/connect v1.16.2 h1:ybd6y+ls7GOlb7Bh5C8+ghA6SvCBajHwxssO2CGFjqE=
connectrpc.com/connect v1.16.2/go.mod h1:n2kgwskMHXC+lVqb18wngEpF95ldBHXjZYJussz5FRc=
github.com/google/go-cmp v0.6.0 h1:ofyhxvXcZhMsU5ulbFiLKl/XBFqE1GSq7atu8tAmTRI=
github.com/google/go-cmp v0.6.0/go.mod h1:17dUlkBOakJ0+DkrSSNjCkIjxS6bF9zb3elmeNGIjoY=
github.com/google/uuid v1.6.0 h1:NIvaJDMOsjHA8n1jAhLSgzrAzy1Hgr+hNrb57e+94F0=
github.com/google/uuid v1.6.0/go.mod h1:TIyPZe4MgqvfeYDBFedMoGGpEw/LqOeaOT+nhxU+yHo=
github.com/krelinga/kgo v0.1.0 h1:OhOELhqVffehfOpX5Gd5MJVL/pnPnB7yn2nJts8J4NQ=
github.com/krelinga/kgo v0.1.0/go.mod h1:xUmulWHFeZHAXjTumeAQkuhDLF7mamAXnXIETLYW1wc=
golang.org/x/net v0.23.0 h1:7EYJ93RZ9vYSZAIb2x3lnuvqO5zneoD6IvWjuhfxjTs=
golang.org/x/net v0.23.0/go.mod h1:JKghWKKOSdJwpW2GEx0Ja7fmaKnMsbu+MWVZTokSYmg=
golang.org/x/text v0.14.0 h1:ScX5w1eTa3QqT8oi6+ziP7dTV1S2+ALU0bI+0zXKWiQ=
golang.org/x/text v0.14.0/go.mod h1:18ZOQIKpY8NJVqYksKHtTdi31H5itFRjB5/qKTNYzSU=
google.golang.org/protobuf v1.34.2 h1:6xV6lTsCfpGD21XK49h7MhtcApnLqkfYgPcdHftf6hg=
google.golang.org/protobuf v1.34.2/go.mod h1:qYOHts0dSfpeUzUFpOMr/WGzszTmLH+DiWniOlNbLDw=
